
Microsoft Visual Studio Solution File, Format Version 12.00
# Visual Studio Version 17
VisualStudioVersion = 17.8.34309.116
MinimumVisualStudioVersion = 10.0.40219.1
Project("{9A19103F-16F7-4668-BE54-9A1E7A4F7556}") = "RescueMarket", "RescueMarket\RescueMarket.csproj", "{88C15649-0638-4446-AA93-3BCB1775590B}"
EndProject
Project("{9A19103F-16F7-4668-BE54-9A1E7A4F7556}") = "Gateway", "Gateway\Gateway.csproj", "{6907A20B-970F-4D49-BEC6-CCAD93CA7DA3}"
EndProject
Global
	GlobalSection(SolutionConfigurationPlatforms) = preSolution
		Debug|Any CPU = Debug|Any CPU
		Release|Any CPU = Release|Any CPU
	EndGlobalSection
	GlobalSection(ProjectConfigurationPlatforms) = postSolution
		{88C15649-0638-4446-AA93-3BCB1775590B}.Debug|Any CPU.ActiveCfg = Debug|Any CPU
		{88C15649-0638-4446-AA93-3BCB1775590B}.Debug|Any CPU.Build.0 = Debug|Any CPU
		{88C15649-0638-4446-AA93-3BCB1775590B}.Release|Any CPU.ActiveCfg = Release|Any CPU
		{88C15649-0638-4446-AA93-3BCB1775590B}.Release|Any CPU.Build.0 = Release|Any CPU
		{6907A20B-970F-4D49-BEC6-CCAD93CA7DA3}.Debug|Any CPU.ActiveCfg = Debug|Any CPU
		{6907A20B-970F-4D49-BEC6-CCAD93CA7DA3}.Debug|Any CPU.Build.0 = Debug|Any CPU
		{6907A20B-970F-4D49-BEC6-CCAD93CA7DA3}.Release|Any CPU.ActiveCfg = Release|Any CPU
		{6907A20B-970F-4D49-BEC6-CCAD93CA7DA3}.Release|Any CPU.Build.0 = Release|Any CPU
	EndGlobalSection
	GlobalSection(SolutionProperties) = preSolution
		HideSolutionNode = FALSE
	EndGlobalSection
	GlobalSection(ExtensibilityGlobals) = postSolution
		SolutionGuid = {F68A5799-C749-40D5-B1C9-921C896CF624}
	EndGlobalSection
EndGlobal
